PODS:
  - Alamofire (4.5.1)
  - Bond (6.4.3):
    - Differ (~> 1.0.0)
    - ReactiveKit (~> 3.7.4)
  - CHQiitaApiClient (0.0.5):
    - Alamofire (~> 4.0)
    - RxSwift (~> 3.4.1)
  - Differ (1.0.2)
  - ReactiveKit (3.7.4)
  - RxSwift (3.4.1)

DEPENDENCIES:
  - Bond
  - CHQiitaApiClient (from `https://github.com/chuross/CHQiitaApiClient.git`, tag `0.0.5`)

EXTERNAL SOURCES:
  CHQiitaApiClient:
    :git: https://github.com/chuross/CHQiitaApiClient.git
    :tag: 0.0.5

CHECKOUT OPTIONS:
  CHQiitaApiClient:
    :git: https://github.com/chuross/CHQiitaApiClient.git
    :tag: 0.0.5

SPEC CHECKSUMS:
  Alamofire: 2d95912bf4c34f164fdfc335872e8c312acaea4a
  Bond: ac3e1f1a5213cddbc0a820ffc7535ac0205505e9
  CHQiitaApiClient: 28bbfabaa1a2f2624a72334f5f5ef9df740f3263
  Differ: a571b66c49d0fc83fe5af9a4a41f09bb09e91c85
  ReactiveKit: 0af7e43958a532342e0e247d2aeb318653628e68
  RxSwift: 656f8fbeca5bc372121a72d9ebdd3cd3bc0ffade

PODFILE CHECKSUM: c0c89d00f30be51db6c439c4725196802bcc9315

COCOAPODS: 1.3.1
