PODS:
  - Alamofire (4.5.1)
  - Bond (5.4.7):
    - Diff (~> 0.4)
    - ReactiveKit (~> 3.5.1)
  - CHQiitaApiClient (0.0.5):
    - Alamofire (~> 4.0)
    - RxSwift (~> 3.4.1)
  - Diff (0.5.3)
  - ReactiveKit (3.5.5)
  - RxSwift (3.4.1)
  - XLPagerTabStrip (8.0.0)

DEPENDENCIES:
  - Bond (~> 5)
  - CHQiitaApiClient (from `https://github.com/chuross/CHQiitaApiClient.git`, tag `0.0.5`)
  - XLPagerTabStrip (~> 8.0)

EXTERNAL SOURCES:
  CHQiitaApiClient:
    :git: https://github.com/chuross/CHQiitaApiClient.git
    :tag: 0.0.5

CHECKOUT OPTIONS:
  CHQiitaApiClient:
    :git: https://github.com/chuross/CHQiitaApiClient.git
    :tag: 0.0.5

SPEC CHECKSUMS:
  Alamofire: 2d95912bf4c34f164fdfc335872e8c312acaea4a
  Bond: 1e26bccae0c82266c6217705fe32ae3ca543ed30
  CHQiitaApiClient: 28bbfabaa1a2f2624a72334f5f5ef9df740f3263
  Diff: befa1d19c32726b2b36ce915d98793e2fbde8dcc
  ReactiveKit: ced30f9647912f74510bd8179790cf2dfc9454c8
  RxSwift: 656f8fbeca5bc372121a72d9ebdd3cd3bc0ffade
  XLPagerTabStrip: d1ab378af0923320ec0b5eab11d7b2f803d31261

PODFILE CHECKSUM: 9f938b980f91a9cf97d28dc3a8ffd559e8bc0bf9

COCOAPODS: 1.3.1
