// !$*UTF8*$!
{
	archiveVersion = 1;
	classes = {
	};
	objectVersion = 46;
	objects = {

/* Begin PBXBuildFile section */
		78B7AEEB04B54D356F26E809 /* Pods_qiiip.framework in Frameworks */ = {isa = PBXBuildFile; fileRef = 4FF66B85270224ACD4BFFB22 /* Pods_qiiip.framework */; };
		D4E237981F91F1480058C4FC /* AppDelegate.swift in Sources */ = {isa = PBXBuildFile; fileRef = D4E237971F91F1480058C4FC /* AppDelegate.swift */; };
		D4E2379A1F91F1480058C4FC /* ViewController.swift in Sources */ = {isa = PBXBuildFile; fileRef = D4E237991F91F1480058C4FC /* ViewController.swift */; };
		D4E2379D1F91F1480058C4FC /* Main.storyboard in Resources */ = {isa = PBXBuildFile; fileRef = D4E2379B1F91F1480058C4FC /* Main.storyboard */; };
		D4E2379F1F91F1480058C4FC /* Assets.xcassets in Resources */ = {isa = PBXBuildFile; fileRef = D4E2379E1F91F1480058C4FC /* Assets.xcassets */; };
		D4E237A21F91F1480058C4FC /* LaunchScreen.storyboard in Resources */ = {isa = PBXBuildFile; fileRef = D4E237A01F91F1480058C4FC /* LaunchScreen.storyboard */; };
/* End PBXBuildFile section */

/* Begin PBXFileReference section */
		26CF66ABB6B579E7DC3D221A /* Pods-qiiip.debug.xcconfig */ = {isa = PBXFileReference; includeInIndex = 1; lastKnownFileType = text.xcconfig; name = "Pods-qiiip.debug.xcconfig"; path = "Pods/Target Support Files/Pods-qiiip/Pods-qiiip.debug.xcconfig"; sourceTree = "<group>"; };
		4FF66B85270224ACD4BFFB22 /* Pods_qiiip.framework */ = {isa = PBXFileReference; explicitFileType = wrapper.framework; includeInIndex = 0; path = Pods_qiiip.framework; sourceTree = BUILT_PRODUCTS_DIR; };
		9255220648B712EC0DDB81AF /* Pods-qiiip.release.xcconfig */ = {isa = PBXFileReference; includeInIndex = 1; lastKnownFileType = text.xcconfig; name = "Pods-qiiip.release.xcconfig"; path = "Pods/Target Support Files/Pods-qiiip/Pods-qiiip.release.xcconfig"; sourceTree = "<group>"; };
		D4E237941F91F1480058C4FC /* qiiip.app */ = {isa = PBXFileReference; explicitFileType = wrapper.application; includeInIndex = 0; path = qiiip.app; sourceTree = BUILT_PRODUCTS_DIR; };
		D4E237971F91F1480058C4FC /* AppDelegate.swift */ = {isa = PBXFileReference; lastKnownFileType = sourcecode.swift; path = AppDelegate.swift; sourceTree = "<group>"; };
		D4E237991F91F1480058C4FC /* ViewController.swift */ = {isa = PBXFileReference; lastKnownFileType = sourcecode.swift; path = ViewController.swift; sourceTree = "<group>"; };
		D4E2379C1F91F1480058C4FC /* Base */ = {isa = PBXFileReference; lastKnownFileType = file.storyboard; name = Base; path = Base.lproj/Main.storyboard; sourceTree = "<group>"; };
		D4E2379E1F91F1480058C4FC /* Assets.xcassets */ = {isa = PBXFileReference; lastKnownFileType = folder.assetcatalog; path = Assets.xcassets; sourceTree = "<group>"; };
		D4E237A11F91F1480058C4FC /* Base */ = {isa = PBXFileReference; lastKnownFileType = file.storyboard; name = Base; path = Base.lproj/LaunchScreen.storyboard; sourceTree = "<group>"; };
		D4E237A31F91F1480058C4FC /* Info.plist */ = {isa = PBXFileReference; lastKnownFileType = text.plist.xml; path = Info.plist; sourceTree = "<group>"; };
/* End PBXFileReference section */

/* Begin PBXFrameworksBuildPhase section */
		D4E237911F91F1480058C4FC /* Frameworks */ = {
			isa = PBXFrameworksBuildPhase;
			buildActionMask = 2147483647;
			files = (
				78B7AEEB04B54D356F26E809 /* Pods_qiiip.framework in Frameworks */,
			);
			runOnlyForDeploymentPostprocessing = 0;
		};
/* End PBXFrameworksBuildPhase section */

/* Begin PBXGroup section */
		1F5463CA2D84D5B7EFFEE66D /* Pods */ = {
			isa = PBXGroup;
			children = (
				26CF66ABB6B579E7DC3D221A /* Pods-qiiip.debug.xcconfig */,
				9255220648B712EC0DDB81AF /* Pods-qiiip.release.xcconfig */,
			);
			name = Pods;
			sourceTree = "<group>";
		};
		D4E2378B1F91F1480058C4FC = {
			isa = PBXGroup;
			children = (
				D4E237961F91F1480058C4FC /* qiiip */,
				D4E237951F91F1480058C4FC /* Products */,
				1F5463CA2D84D5B7EFFEE66D /* Pods */,
				DD890465C41FE2D2207F1BBA /* Frameworks */,
			);
			sourceTree = "<group>";
		};
		D4E237951F91F1480058C4FC /* Products */ = {
			isa = PBXGroup;
			children = (
				D4E237941F91F1480058C4FC /* qiiip.app */,
			);
			name = Products;
			sourceTree = "<group>";
		};
		D4E237961F91F1480058C4FC /* qiiip */ = {
			isa = PBXGroup;
			children = (
				D4E237971F91F1480058C4FC /* AppDelegate.swift */,
				D4E237991F91F1480058C4FC /* ViewController.swift */,
				D4E2379B1F91F1480058C4FC /* Main.storyboard */,
				D4E2379E1F91F1480058C4FC /* Assets.xcassets */,
				D4E237A01F91F1480058C4FC /* LaunchScreen.storyboard */,
				D4E237A31F91F1480058C4FC /* Info.plist */,
			);
			path = qiiip;
			sourceTree = "<group>";
		};
		DD890465C41FE2D2207F1BBA /* Frameworks */ = {
			isa = PBXGroup;
			children = (
				4FF66B85270224ACD4BFFB22 /* Pods_qiiip.framework */,
			);
			name = Frameworks;
			sourceTree = "<group>";
		};
/* End PBXGroup section */

/* Begin PBXNativeTarget section */
		D4E237931F91F1480058C4FC /* qiiip */ = {
			isa = PBXNativeTarget;
			buildConfigurationList = D4E237A61F91F1480058C4FC /* Build configuration list for PBXNativeTarget "qiiip" */;
			buildPhases = (
				227C10832629377B9EC0D667 /* [CP] Check Pods Manifest.lock */,
				D4E237901F91F1480058C4FC /* Sources */,
				D4E237911F91F1480058C4FC /* Frameworks */,
				D4E237921F91F1480058C4FC /* Resources */,
				72880E7009EEA8B2EEB81CCD /* [CP] Embed Pods Frameworks */,
				9D946B5E0FDAFDF2FF796A69 /* [CP] Copy Pods Resources */,
			);
			buildRules = (
			);
			dependencies = (
			);
			name = qiiip;
			productName = qiiip;
			productReference = D4E237941F91F1480058C4FC /* qiiip.app */;
			productType = "com.apple.product-type.application";
		};
/* End PBXNativeTarget section */

/* Begin PBXProject section */
		D4E2378C1F91F1480058C4FC /* Project object */ = {
			isa = PBXProject;
			attributes = {
				LastSwiftUpdateCheck = 0820;
				LastUpgradeCheck = 0820;
				ORGANIZATIONNAME = chuross;
				TargetAttributes = {
					D4E237931F91F1480058C4FC = {
						CreatedOnToolsVersion = 8.2;
						ProvisioningStyle = Automatic;
					};
				};
			};
			buildConfigurationList = D4E2378F1F91F1480058C4FC /* Build configuration list for PBXProject "qiiip" */;
			compatibilityVersion = "Xcode 3.2";
			developmentRegion = English;
			hasScannedForEncodings = 0;
			knownRegions = (
				en,
				Base,
			);
			mainGroup = D4E2378B1F91F1480058C4FC;
			productRefGroup = D4E237951F91F1480058C4FC /* Products */;
			projectDirPath = "";
			projectRoot = "";
			targets = (
				D4E237931F91F1480058C4FC /* qiiip */,
			);
		};
/* End PBXProject section */

/* Begin PBXResourcesBuildPhase section */
		D4E237921F91F1480058C4FC /* Resources */ = {
			isa = PBXResourcesBuildPhase;
			buildActionMask = 2147483647;
			files = (
				D4E237A21F91F1480058C4FC /* LaunchScreen.storyboard in Resources */,
				D4E2379F1F91F1480058C4FC /* Assets.xcassets in Resources */,
				D4E2379D1F91F1480058C4FC /* Main.storyboard in Resources */,
			);
			runOnlyForDeploymentPostprocessing = 0;
		};
/* End PBXResourcesBuildPhase section */

/* Begin PBXShellScriptBuildPhase section */
		227C10832629377B9EC0D667 /* [CP] Check Pods Manifest.lock */ = {
			isa = PBXShellScriptBuildPhase;
			buildActionMask = 2147483647;
			files = (
			);
			inputPaths = (
				"${PODS_PODFILE_DIR_PATH}/Podfile.lock",
				"${PODS_ROOT}/Manifest.lock",
			);
			name = "[CP] Check Pods Manifest.lock";
			outputPaths = (
				"$(DERIVED_FILE_DIR)/Pods-qiiip-checkManifestLockResult.txt",
			);
			runOnlyForDeploymentPostprocessing = 0;
			shellPath = /bin/sh;
			shellScript = "diff \"${PODS_PODFILE_DIR_PATH}/Podfile.lock\" \"${PODS_ROOT}/Manifest.lock\" > /dev/null\nif [ $? != 0 ] ; then\n    # print error to STDERR\n    echo \"error: The sandbox is not in sync with the Podfile.lock. Run 'pod install' or update your CocoaPods installation.\" >&2\n    exit 1\nfi\n# This output is used by Xcode 'outputs' to avoid re-running this script phase.\necho \"SUCCESS\" > \"${SCRIPT_OUTPUT_FILE_0}\"\n";
			showEnvVarsInLog = 0;
		};
		72880E7009EEA8B2EEB81CCD /* [CP] Embed Pods Frameworks */ = {
			isa = PBXShellScriptBuildPhase;
			buildActionMask = 2147483647;
			files = (
			);
			inputPaths = (
				"${SRCROOT}/Pods/Target Support Files/Pods-qiiip/Pods-qiiip-frameworks.sh",
				"${BUILT_PRODUCTS_DIR}/Alamofire/Alamofire.framework",
				"${BUILT_PRODUCTS_DIR}/Bond/Bond.framework",
				"${BUILT_PRODUCTS_DIR}/CHQiitaApiClient/CHQiitaApiClient.framework",
				"${BUILT_PRODUCTS_DIR}/Differ/Differ.framework",
				"${BUILT_PRODUCTS_DIR}/ReactiveKit/ReactiveKit.framework",
				"${BUILT_PRODUCTS_DIR}/RxSwift/RxSwift.framework",
			);
			name = "[CP] Embed Pods Frameworks";
			outputPaths = (
				"${TARGET_BUILD_DIR}/${FRAMEWORKS_FOLDER_PATH}/Alamofire.framework",
				"${TARGET_BUILD_DIR}/${FRAMEWORKS_FOLDER_PATH}/Bond.framework",
				"${TARGET_BUILD_DIR}/${FRAMEWORKS_FOLDER_PATH}/CHQiitaApiClient.framework",
				"${TARGET_BUILD_DIR}/${FRAMEWORKS_FOLDER_PATH}/Differ.framework",
				"${TARGET_BUILD_DIR}/${FRAMEWORKS_FOLDER_PATH}/ReactiveKit.framework",
				"${TARGET_BUILD_DIR}/${FRAMEWORKS_FOLDER_PATH}/RxSwift.framework",
			);
			runOnlyForDeploymentPostprocessing = 0;
			shellPath = /bin/sh;
			shellScript = "\"${SRCROOT}/Pods/Target Support Files/Pods-qiiip/Pods-qiiip-frameworks.sh\"\n";
			showEnvVarsInLog = 0;
		};
		9D946B5E0FDAFDF2FF796A69 /* [CP] Copy Pods Resources */ = {
			isa = PBXShellScriptBuildPhase;
			buildActionMask = 2147483647;
			files = (
			);
			inputPaths = (
			);
			name = "[CP] Copy Pods Resources";
			outputPaths = (
			);
			runOnlyForDeploymentPostprocessing = 0;
			shellPath = /bin/sh;
			shellScript = "\"${SRCROOT}/Pods/Target Support Files/Pods-qiiip/Pods-qiiip-resources.sh\"\n";
			showEnvVarsInLog = 0;
		};
/* End PBXShellScriptBuildPhase section */

/* Begin PBXSourcesBuildPhase section */
		D4E237901F91F1480058C4FC /* Sources */ = {
			isa = PBXSourcesBuildPhase;
			buildActionMask = 2147483647;
			files = (
				D4E2379A1F91F1480058C4FC /* ViewController.swift in Sources */,
				D4E237981F91F1480058C4FC /* AppDelegate.swift in Sources */,
			);
			runOnlyForDeploymentPostprocessing = 0;
		};
/* End PBXSourcesBuildPhase section */

/* Begin PBXVariantGroup section */
		D4E2379B1F91F1480058C4FC /* Main.storyboard */ = {
			isa = PBXVariantGroup;
			children = (
				D4E2379C1F91F1480058C4FC /* Base */,
			);
			name = Main.storyboard;
			sourceTree = "<group>";
		};
		D4E237A01F91F1480058C4FC /* LaunchScreen.storyboard */ = {
			isa = PBXVariantGroup;
			children = (
				D4E237A11F91F1480058C4FC /* Base */,
			);
			name = LaunchScreen.storyboard;
			sourceTree = "<group>";
		};
/* End PBXVariantGroup section */

/* Begin XCBuildConfiguration section */
		D4E237A41F91F1480058C4FC /* Debug */ = {
			isa = XCBuildConfiguration;
			buildSettings = {
				ALWAYS_SEARCH_USER_PATHS = NO;
				CLANG_ANALYZER_NONNULL = YES;
				CLANG_CXX_LANGUAGE_STANDARD = "gnu++0x";
				CLANG_CXX_LIBRARY = "libc++";
				CLANG_ENABLE_MODULES = YES;
				CLANG_ENABLE_OBJC_ARC = YES;
				CLANG_WARN_BOOL_CONVERSION = YES;
				CLANG_WARN_CONSTANT_CONVERSION = YES;
				CLANG_WARN_DIRECT_OBJC_ISA_USAGE = YES_ERROR;
				CLANG_WARN_DOCUMENTATION_COMMENTS = YES;
				CLANG_WARN_EMPTY_BODY = YES;
				CLANG_WARN_ENUM_CONVERSION = YES;
				CLANG_WARN_INFINITE_RECURSION = YES;
				CLANG_WARN_INT_CONVERSION = YES;
				CLANG_WARN_OBJC_ROOT_CLASS = YES_ERROR;
				CLANG_WARN_SUSPICIOUS_MOVE = YES;
				CLANG_WARN_UNREACHABLE_CODE = YES;
				CLANG_WARN__DUPLICATE_METHOD_MATCH = YES;
				"CODE_SIGN_IDENTITY[sdk=iphoneos*]" = "iPhone Developer";
				COPY_PHASE_STRIP = NO;
				DEBUG_INFORMATION_FORMAT = dwarf;
				ENABLE_STRICT_OBJC_MSGSEND = YES;
				ENABLE_TESTABILITY = YES;
				GCC_C_LANGUAGE_STANDARD = gnu99;
				GCC_DYNAMIC_NO_PIC = NO;
				GCC_NO_COMMON_BLOCKS = YES;
				GCC_OPTIMIZATION_LEVEL = 0;
				GCC_PREPROCESSOR_DEFINITIONS = (
					"DEBUG=1",
					"$(inherited)",
				);
				GCC_WARN_64_TO_32_BIT_CONVERSION = YES;
				GCC_WARN_ABOUT_RETURN_TYPE = YES_ERROR;
				GCC_WARN_UNDECLARED_SELECTOR = YES;
				GCC_WARN_UNINITIALIZED_AUTOS = YES_AGGRESSIVE;
				GCC_WARN_UNUSED_FUNCTION = YES;
				GCC_WARN_UNUSED_VARIABLE = YES;
				IPHONEOS_DEPLOYMENT_TARGET = 10.2;
				MTL_ENABLE_DEBUG_INFO = YES;
				ONLY_ACTIVE_ARCH = YES;
				SDKROOT = iphoneos;
				SWIFT_ACTIVE_COMPILATION_CONDITIONS = DEBUG;
				SWIFT_OPTIMIZATION_LEVEL = "-Onone";
				TARGETED_DEVICE_FAMILY = "1,2";
			};
			name = Debug;
		};
		D4E237A51F91F1480058C4FC /* Release */ = {
			isa = XCBuildConfiguration;
			buildSettings = {
				ALWAYS_SEARCH_USER_PATHS = NO;
				CLANG_ANALYZER_NONNULL = YES;
				CLANG_CXX_LANGUAGE_STANDARD = "gnu++0x";
				CLANG_CXX_LIBRARY = "libc++";
				CLANG_ENABLE_MODULES = YES;
				CLANG_ENABLE_OBJC_ARC = YES;
				CLANG_WARN_BOOL_CONVERSION = YES;
				CLANG_WARN_CONSTANT_CONVERSION = YES;
				CLANG_WARN_DIRECT_OBJC_ISA_USAGE = YES_ERROR;
				CLANG_WARN_DOCUMENTATION_COMMENTS = YES;
				CLANG_WARN_EMPTY_BODY = YES;
				CLANG_WARN_ENUM_CONVERSION = YES;
				CLANG_WARN_INFINITE_RECURSION = YES;
				CLANG_WARN_INT_CONVERSION = YES;
				CLANG_WARN_OBJC_ROOT_CLASS = YES_ERROR;
				CLANG_WARN_SUSPICIOUS_MOVE = YES;
				CLANG_WARN_UNREACHABLE_CODE = YES;
				CLANG_WARN__DUPLICATE_METHOD_MATCH = YES;
				"CODE_SIGN_IDENTITY[sdk=iphoneos*]" = "iPhone Developer";
				COPY_PHASE_STRIP = NO;
				DEBUG_INFORMATION_FORMAT = "dwarf-with-dsym";
				ENABLE_NS_ASSERTIONS = NO;
				ENABLE_STRICT_OBJC_MSGSEND = YES;
				GCC_C_LANGUAGE_STANDARD = gnu99;
				GCC_NO_COMMON_BLOCKS = YES;
				GCC_WARN_64_TO_32_BIT_CONVERSION = YES;
				GCC_WARN_ABOUT_RETURN_TYPE = YES_ERROR;
				GCC_WARN_UNDECLARED_SELECTOR = YES;
				GCC_WARN_UNINITIALIZED_AUTOS = YES_AGGRESSIVE;
				GCC_WARN_UNUSED_FUNCTION = YES;
				GCC_WARN_UNUSED_VARIABLE = YES;
				IPHONEOS_DEPLOYMENT_TARGET = 10.2;
				MTL_ENABLE_DEBUG_INFO = NO;
				SDKROOT = iphoneos;
				SWIFT_OPTIMIZATION_LEVEL = "-Owholemodule";
				TARGETED_DEVICE_FAMILY = "1,2";
				VALIDATE_PRODUCT = YES;
			};
			name = Release;
		};
		D4E237A71F91F1480058C4FC /* Debug */ = {
			isa = XCBuildConfiguration;
			baseConfigurationReference = 26CF66ABB6B579E7DC3D221A /* Pods-qiiip.debug.xcconfig */;
			buildSettings = {
				ASSETCATALOG_COMPILER_APPICON_NAME = AppIcon;
				INFOPLIST_FILE = qiiip/Info.plist;
				LD_RUNPATH_SEARCH_PATHS = "$(inherited) @executable_path/Frameworks";
				PRODUCT_BUNDLE_IDENTIFIER = com.github.chuross.qiiip;
				PRODUCT_NAME = "$(TARGET_NAME)";
				SWIFT_VERSION = 3.0;
			};
			name = Debug;
		};
		D4E237A81F91F1480058C4FC /* Release */ = {
			isa = XCBuildConfiguration;
			baseConfigurationReference = 9255220648B712EC0DDB81AF /* Pods-qiiip.release.xcconfig */;
			buildSettings = {
				ASSETCATALOG_COMPILER_APPICON_NAME = AppIcon;
				INFOPLIST_FILE = qiiip/Info.plist;
				LD_RUNPATH_SEARCH_PATHS = "$(inherited) @executable_path/Frameworks";
				PRODUCT_BUNDLE_IDENTIFIER = com.github.chuross.qiiip;
				PRODUCT_NAME = "$(TARGET_NAME)";
				SWIFT_VERSION = 3.0;
			};
			name = Release;
		};
/* End XCBuildConfiguration section */

/* Begin XCConfigurationList section */
		D4E2378F1F91F1480058C4FC /* Build configuration list for PBXProject "qiiip" */ = {
			isa = XCConfigurationList;
			buildConfigurations = (
				D4E237A41F91F1480058C4FC /* Debug */,
				D4E237A51F91F1480058C4FC /* Release */,
			);
			defaultConfigurationIsVisible = 0;
			defaultConfigurationName = Release;
		};
		D4E237A61F91F1480058C4FC /* Build configuration list for PBXNativeTarget "qiiip" */ = {
			isa = XCConfigurationList;
			buildConfigurations = (
				D4E237A71F91F1480058C4FC /* Debug */,
				D4E237A81F91F1480058C4FC /* Release */,
			);
			defaultConfigurationIsVisible = 0;
		};
/* End XCConfigurationList section */
	};
	rootObject = D4E2378C1F91F1480058C4FC /* Project object */;
}
